// !$*UTF8*$!
{
	archiveVersion = 1;
	classes = {
	};
	objectVersion = 77;
	objects = {

/* Begin PBXCopyFilesBuildPhase section */
		E1A093212D85DC6B00D192BF /* CopyFiles */ = {
			isa = PBXCopyFilesBuildPhase;
			buildActionMask = 2147483647;
			dstPath = "include/$(PRODUCT_NAME)";
			dstSubfolderSpec = 16;
			files = (
			);
			runOnlyForDeploymentPostprocessing = 0;
		};
/* End PBXCopyFilesBuildPhase section */

/* Begin PBXBuildFile section */
		E1F00E9F2DA2957E002B6BD7 /* FirebaseAnalytics in Frameworks */ = {isa = PBXBuildFile; productRef = E1F00E9E2DA2957E002B6BD7 /* FirebaseAnalytics */; };
		E1F00EA12DA2957E002B6BD7 /* FirebaseAnalyticsOnDeviceConversion in Frameworks */ = {isa = PBXBuildFile; productRef = E1F00EA02DA2957E002B6BD7 /* FirebaseAnalyticsOnDeviceConversion */; };
		E1F00EA32DA2957E002B6BD7 /* FirebaseAnalyticsWithoutAdIdSupport in Frameworks */ = {isa = PBXBuildFile; productRef = E1F00EA22DA2957E002B6BD7 /* FirebaseAnalyticsWithoutAdIdSupport */; };
		E1F00EA52DA2957E002B6BD7 /* FirebaseAppCheck in Frameworks */ = {isa = PBXBuildFile; productRef = E1F00EA42DA2957E002B6BD7 /* FirebaseAppCheck */; };
		E1F00EA72DA2957E002B6BD7 /* FirebaseAppDistribution-Beta in Frameworks */ = {isa = PBXBuildFile; productRef = E1F00EA62DA2957E002B6BD7 /* FirebaseAppDistribution-Beta */; };
		E1F00EA92DA2957E002B6BD7 /* FirebaseAuth in Frameworks */ = {isa = PBXBuildFile; productRef = E1F00EA82DA2957E002B6BD7 /* FirebaseAuth */; };
		E1F00EAB2DA2957E002B6BD7 /* FirebaseAuthCombine-Community in Frameworks */ = {isa = PBXBuildFile; productRef = E1F00EAA2DA2957E002B6BD7 /* FirebaseAuthCombine-Community */; };
		E1F00EAD2DA2957E002B6BD7 /* FirebaseCore in Frameworks */ = {isa = PBXBuildFile; productRef = E1F00EAC2DA2957E002B6BD7 /* FirebaseCore */; };
		E1F00EAF2DA2957E002B6BD7 /* FirebaseCrashlytics in Frameworks */ = {isa = PBXBuildFile; productRef = E1F00EAE2DA2957E002B6BD7 /* FirebaseCrashlytics */; };
		E1F00EB12DA2957E002B6BD7 /* FirebaseDatabase in Frameworks */ = {isa = PBXBuildFile; productRef = E1F00EB02DA2957E002B6BD7 /* FirebaseDatabase */; };
		E1F00EB32DA2957E002B6BD7 /* FirebaseDynamicLinks in Frameworks */ = {isa = PBXBuildFile; productRef = E1F00EB22DA2957E002B6BD7 /* FirebaseDynamicLinks */; };
		E1F00EB52DA2957E002B6BD7 /* FirebaseFirestore in Frameworks */ = {isa = PBXBuildFile; productRef = E1F00EB42DA2957E002B6BD7 /* FirebaseFirestore */; };
		E1F00EB72DA2957E002B6BD7 /* FirebaseFirestoreCombine-Community in Frameworks */ = {isa = PBXBuildFile; productRef = E1F00EB62DA2957E002B6BD7 /* FirebaseFirestoreCombine-Community */; };
		E1F00EB92DA2957E002B6BD7 /* FirebaseFunctions in Frameworks */ = {isa = PBXBuildFile; productRef = E1F00EB82DA2957E002B6BD7 /* FirebaseFunctions */; };
		E1F00EBB2DA2957E002B6BD7 /* FirebaseFunctionsCombine-Community in Frameworks */ = {isa = PBXBuildFile; productRef = E1F00EBA2DA2957E002B6BD7 /* FirebaseFunctionsCombine-Community */; };
		E1F00EBD2DA2957E002B6BD7 /* FirebaseInAppMessaging-Beta in Frameworks */ = {isa = PBXBuildFile; productRef = E1F00EBC2DA2957E002B6BD7 /* FirebaseInAppMessaging-Beta */; };
		E1F00EBF2DA2957E002B6BD7 /* FirebaseInstallations in Frameworks */ = {isa = PBXBuildFile; productRef = E1F00EBE2DA2957E002B6BD7 /* FirebaseInstallations */; };
		E1F00EC12DA2957E002B6BD7 /* FirebaseMessaging in Frameworks */ = {isa = PBXBuildFile; productRef = E1F00EC02DA2957E002B6BD7 /* FirebaseMessaging */; };
		E1F00EC32DA2957E002B6BD7 /* FirebaseMLModelDownloader in Frameworks */ = {isa = PBXBuildFile; productRef = E1F00EC22DA2957E002B6BD7 /* FirebaseMLModelDownloader */; };
		E1F00EC52DA2957E002B6BD7 /* FirebasePerformance in Frameworks */ = {isa = PBXBuildFile; productRef = E1F00EC42DA2957E002B6BD7 /* FirebasePerformance */; };
		E1F00EC72DA2957E002B6BD7 /* FirebaseRemoteConfig in Frameworks */ = {isa = PBXBuildFile; productRef = E1F00EC62DA2957E002B6BD7 /* FirebaseRemoteConfig */; };
		E1F00EC92DA2957E002B6BD7 /* FirebaseStorage in Frameworks */ = {isa = PBXBuildFile; productRef = E1F00EC82DA2957E002B6BD7 /* FirebaseStorage */; };
		E1F00ECB2DA2957E002B6BD7 /* FirebaseStorageCombine-Community in Frameworks */ = {isa = PBXBuildFile; productRef = E1F00ECA2DA2957E002B6BD7 /* FirebaseStorageCombine-Community */; };
		E1F00ECD2DA2957E002B6BD7 /* FirebaseVertexAI in Frameworks */ = {isa = PBXBuildFile; productRef = E1F00ECC2DA2957E002B6BD7 /* FirebaseVertexAI */; };
/* End PBXBuildFile section */

/* Begin PBXFileReference section */
		E1A093232D85DC6B00D192BF /* libComponents.a */ = {isa = PBXFileReference; explicitFileType = archive.ar; includeInIndex = 0; path = libComponents.a; sourceTree = BUILT_PRODUCTS_DIR; };
		E1D5FE4D2D818D8B00F8FAB1 /* Aqualert.app */ = {isa = PBXFileReference; explicitFileType = wrapper.application; includeInIndex = 0; path = Aqualert.app; sourceTree = BUILT_PRODUCTS_DIR; };
/* End PBXFileReference section */

/* Begin PBXFileSystemSynchronizedRootGroup section */
		E1D5FE4F2D818D8B00F8FAB1 /* Aqualert */ = {
			isa = PBXFileSystemSynchronizedRootGroup;
			path = Aqualert;
			sourceTree = "<group>";
		};
/* End PBXFileSystemSynchronizedRootGroup section */

/* Begin PBXFrameworksBuildPhase section */
		E1A093202D85DC6B00D192BF /* Frameworks */ = {
			isa = PBXFrameworksBuildPhase;
			buildActionMask = 2147483647;
			files = (
			);
			runOnlyForDeploymentPostprocessing = 0;
		};
		E1D5FE4A2D818D8B00F8FAB1 /* Frameworks */ = {
			isa = PBXFrameworksBuildPhase;
			buildActionMask = 2147483647;
			files = (
				E1F00EC12DA2957E002B6BD7 /* FirebaseMessaging in Frameworks */,
				E1F00ECD2DA2957E002B6BD7 /* FirebaseVertexAI in Frameworks */,
				E1F00EB72DA2957E002B6BD7 /* FirebaseFirestoreCombine-Community in Frameworks */,
				E1F00EC52DA2957E002B6BD7 /* FirebasePerformance in Frameworks */,
				E1F00ECB2DA2957E002B6BD7 /* FirebaseStorageCombine-Community in Frameworks */,
				E1F00EC72DA2957E002B6BD7 /* FirebaseRemoteConfig in Frameworks */,
				E1F00EB92DA2957E002B6BD7 /* FirebaseFunctions in Frameworks */,
				E1F00EB12DA2957E002B6BD7 /* FirebaseDatabase in Frameworks */,
				E1F00EB32DA2957E002B6BD7 /* FirebaseDynamicLinks in Frameworks */,
				E1F00EA52DA2957E002B6BD7 /* FirebaseAppCheck in Frameworks */,
				E1F00EA92DA2957E002B6BD7 /* FirebaseAuth in Frameworks */,
				E1F00E9F2DA2957E002B6BD7 /* FirebaseAnalytics in Frameworks */,
				E1F00EB52DA2957E002B6BD7 /* FirebaseFirestore in Frameworks */,
				E1F00EBF2DA2957E002B6BD7 /* FirebaseInstallations in Frameworks */,
				E1F00EBB2DA2957E002B6BD7 /* FirebaseFunctionsCombine-Community in Frameworks */,
				E1F00EA72DA2957E002B6BD7 /* FirebaseAppDistribution-Beta in Frameworks */,
				E1F00EC32DA2957E002B6BD7 /* FirebaseMLModelDownloader in Frameworks */,
				E1F00EA32DA2957E002B6BD7 /* FirebaseAnalyticsWithoutAdIdSupport in Frameworks */,
				E1F00EBD2DA2957E002B6BD7 /* FirebaseInAppMessaging-Beta in Frameworks */,
				E1F00EAB2DA2957E002B6BD7 /* FirebaseAuthCombine-Community in Frameworks */,
				E1F00EAF2DA2957E002B6BD7 /* FirebaseCrashlytics in Frameworks */,
				E1F00EC92DA2957E002B6BD7 /* FirebaseStorage in Frameworks */,
				E1F00EAD2DA2957E002B6BD7 /* FirebaseCore in Frameworks */,
				E1F00EA12DA2957E002B6BD7 /* FirebaseAnalyticsOnDeviceConversion in Frameworks */,
			);
			runOnlyForDeploymentPostprocessing = 0;
		};
/* End PBXFrameworksBuildPhase section */

/* Begin PBXGroup section */
		E1D5FE442D818D8B00F8FAB1 = {
			isa = PBXGroup;
			children = (
				E1D5FE4F2D818D8B00F8FAB1 /* Aqualert */,
				E1F00E9D2DA29557002B6BD7 /* Frameworks */,
				E1D5FE4E2D818D8B00F8FAB1 /* Products */,
			);
			sourceTree = "<group>";
		};
		E1D5FE4E2D818D8B00F8FAB1 /* Products */ = {
			isa = PBXGroup;
			children = (
				E1D5FE4D2D818D8B00F8FAB1 /* Aqualert.app */,
				E1A093232D85DC6B00D192BF /* libComponents.a */,
			);
			name = Products;
			sourceTree = "<group>";
		};
		E1F00E9D2DA29557002B6BD7 /* Frameworks */ = {
			isa = PBXGroup;
			children = (
			);
			name = Frameworks;
			sourceTree = "<group>";
		};
/* End PBXGroup section */

/* Begin PBXNativeTarget section */
		E1A093222D85DC6B00D192BF /* Components */ = {
			isa = PBXNativeTarget;
			buildConfigurationList = E1A093272D85DC6C00D192BF /* Build configuration list for PBXNativeTarget "Components" */;
			buildPhases = (
				E1A0931F2D85DC6B00D192BF /* Sources */,
				E1A093202D85DC6B00D192BF /* Frameworks */,
				E1A093212D85DC6B00D192BF /* CopyFiles */,
			);
			buildRules = (
			);
			dependencies = (
			);
			name = Components;
			packageProductDependencies = (
			);
			productName = Components;
			productReference = E1A093232D85DC6B00D192BF /* libComponents.a */;
			productType = "com.apple.product-type.library.static";
		};
		E1D5FE4C2D818D8B00F8FAB1 /* Aqualert */ = {
			isa = PBXNativeTarget;
			buildConfigurationList = E1D5FE5B2D818D8D00F8FAB1 /* Build configuration list for PBXNativeTarget "Aqualert" */;
			buildPhases = (
				E1D5FE492D818D8B00F8FAB1 /* Sources */,
				E1D5FE4A2D818D8B00F8FAB1 /* Frameworks */,
				E1D5FE4B2D818D8B00F8FAB1 /* Resources */,
			);
			buildRules = (
			);
			dependencies = (
			);
			fileSystemSynchronizedGroups = (
				E1D5FE4F2D818D8B00F8FAB1 /* Aqualert */,
			);
			name = Aqualert;
			packageProductDependencies = (
				E1F00E9E2DA2957E002B6BD7 /* FirebaseAnalytics */,
				E1F00EA02DA2957E002B6BD7 /* FirebaseAnalyticsOnDeviceConversion */,
				E1F00EA22DA2957E002B6BD7 /* FirebaseAnalyticsWithoutAdIdSupport */,
				E1F00EA42DA2957E002B6BD7 /* FirebaseAppCheck */,
				E1F00EA62DA2957E002B6BD7 /* FirebaseAppDistribution-Beta */,
				E1F00EA82DA2957E002B6BD7 /* FirebaseAuth */,
				E1F00EAA2DA2957E002B6BD7 /* FirebaseAuthCombine-Community */,
				E1F00EAC2DA2957E002B6BD7 /* FirebaseCore */,
				E1F00EAE2DA2957E002B6BD7 /* FirebaseCrashlytics */,
				E1F00EB02DA2957E002B6BD7 /* FirebaseDatabase */,
				E1F00EB22DA2957E002B6BD7 /* FirebaseDynamicLinks */,
				E1F00EB42DA2957E002B6BD7 /* FirebaseFirestore */,
				E1F00EB62DA2957E002B6BD7 /* FirebaseFirestoreCombine-Community */,
				E1F00EB82DA2957E002B6BD7 /* FirebaseFunctions */,
				E1F00EBA2DA2957E002B6BD7 /* FirebaseFunctionsCombine-Community */,
				E1F00EBC2DA2957E002B6BD7 /* FirebaseInAppMessaging-Beta */,
				E1F00EBE2DA2957E002B6BD7 /* FirebaseInstallations */,
				E1F00EC02DA2957E002B6BD7 /* FirebaseMessaging */,
				E1F00EC22DA2957E002B6BD7 /* FirebaseMLModelDownloader */,
				E1F00EC42DA2957E002B6BD7 /* FirebasePerformance */,
				E1F00EC62DA2957E002B6BD7 /* FirebaseRemoteConfig */,
				E1F00EC82DA2957E002B6BD7 /* FirebaseStorage */,
				E1F00ECA2DA2957E002B6BD7 /* FirebaseStorageCombine-Community */,
				E1F00ECC2DA2957E002B6BD7 /* FirebaseVertexAI */,
			);
			productName = Aqualert;
			productReference = E1D5FE4D2D818D8B00F8FAB1 /* Aqualert.app */;
			productType = "com.apple.product-type.application";
		};
/* End PBXNativeTarget section */

/* Begin PBXProject section */
		E1D5FE452D818D8B00F8FAB1 /* Project object */ = {
			isa = PBXProject;
			attributes = {
				BuildIndependentTargetsInParallel = 1;
				LastSwiftUpdateCheck = 1620;
				LastUpgradeCheck = 1620;
				TargetAttributes = {
					E1A093222D85DC6B00D192BF = {
						CreatedOnToolsVersion = 16.2;
					};
					E1D5FE4C2D818D8B00F8FAB1 = {
						CreatedOnToolsVersion = 16.2;
					};
				};
			};
			buildConfigurationList = E1D5FE482D818D8B00F8FAB1 /* Build configuration list for PBXProject "Aqualert" */;
			developmentRegion = en;
			hasScannedForEncodings = 0;
			knownRegions = (
				en,
				Base,
			);
			mainGroup = E1D5FE442D818D8B00F8FAB1;
			minimizedProjectReferenceProxies = 1;
			packageReferences = (
				E1F00E9C2DA294C9002B6BD7 /* XCRemoteSwiftPackageReference "firebase-ios-sdk" */,
			);
			preferredProjectObjectVersion = 77;
			productRefGroup = E1D5FE4E2D818D8B00F8FAB1 /* Products */;
			projectDirPath = "";
			projectRoot = "";
			targets = (
				E1D5FE4C2D818D8B00F8FAB1 /* Aqualert */,
				E1A093222D85DC6B00D192BF /* Components */,
			);
		};
/* End PBXProject section */

/* Begin PBXResourcesBuildPhase section */
		E1D5FE4B2D818D8B00F8FAB1 /* Resources */ = {
			isa = PBXResourcesBuildPhase;
			buildActionMask = 2147483647;
			files = (
			);
			runOnlyForDeploymentPostprocessing = 0;
		};
/* End PBXResourcesBuildPhase section */

/* Begin PBXSourcesBuildPhase section */
		E1A0931F2D85DC6B00D192BF /* Sources */ = {
			isa = PBXSourcesBuildPhase;
			buildActionMask = 2147483647;
			files = (
			);
			runOnlyForDeploymentPostprocessing = 0;
		};
		E1D5FE492D818D8B00F8FAB1 /* Sources */ = {
			isa = PBXSourcesBuildPhase;
			buildActionMask = 2147483647;
			files = (
			);
			runOnlyForDeploymentPostprocessing = 0;
		};
/* End PBXSourcesBuildPhase section */

/* Begin XCBuildConfiguration section */
		E1A093282D85DC6C00D192BF /* Debug */ = {
			isa = XCBuildConfiguration;
			buildSettings = {
				CODE_SIGN_STYLE = Automatic;
				OTHER_LDFLAGS = "-ObjC";
				PRODUCT_NAME = "$(TARGET_NAME)";
				SKIP_INSTALL = YES;
				SWIFT_VERSION = 5.0;
				TARGETED_DEVICE_FAMILY = "1,2";
			};
			name = Debug;
		};
		E1A093292D85DC6C00D192BF /* Release */ = {
			isa = XCBuildConfiguration;
			buildSettings = {
				CODE_SIGN_STYLE = Automatic;
				OTHER_LDFLAGS = "-ObjC";
				PRODUCT_NAME = "$(TARGET_NAME)";
				SKIP_INSTALL = YES;
				SWIFT_VERSION = 5.0;
				TARGETED_DEVICE_FAMILY = "1,2";
			};
			name = Release;
		};
		E1D5FE592D818D8D00F8FAB1 /* Debug */ = {
			isa = XCBuildConfiguration;
			buildSettings = {
				ALWAYS_SEARCH_USER_PATHS = NO;
				ASSETCATALOG_COMPILER_GENERATE_SWIFT_ASSET_SYMBOL_EXTENSIONS = YES;
				CLANG_ANALYZER_NONNULL = YES;
				CLANG_ANALYZER_NUMBER_OBJECT_CONVERSION = YES_AGGRESSIVE;
				CLANG_CXX_LANGUAGE_STANDARD = "gnu++20";
				CLANG_ENABLE_MODULES = YES;
				CLANG_ENABLE_OBJC_ARC = YES;
				CLANG_ENABLE_OBJC_WEAK = YES;
				CLANG_WARN_BLOCK_CAPTURE_AUTORELEASING = YES;
				CLANG_WARN_BOOL_CONVERSION = YES;
				CLANG_WARN_COMMA = YES;
				CLANG_WARN_CONSTANT_CONVERSION = YES;
				CLANG_WARN_DEPRECATED_OBJC_IMPLEMENTATIONS = YES;
				CLANG_WARN_DIRECT_OBJC_ISA_USAGE = YES_ERROR;
				CLANG_WARN_DOCUMENTATION_COMMENTS = YES;
				CLANG_WARN_EMPTY_BODY = YES;
				CLANG_WARN_ENUM_CONVERSION = YES;
				CLANG_WARN_INFINITE_RECURSION = YES;
				CLANG_WARN_INT_CONVERSION = YES;
				CLANG_WARN_NON_LITERAL_NULL_CONVERSION = YES;
				CLANG_WARN_OBJC_IMPLICIT_RETAIN_SELF = YES;
				CLANG_WARN_OBJC_LITERAL_CONVERSION = YES;
				CLANG_WARN_OBJC_ROOT_CLASS = YES_ERROR;
				CLANG_WARN_QUOTED_INCLUDE_IN_FRAMEWORK_HEADER = YES;
				CLANG_WARN_RANGE_LOOP_ANALYSIS = YES;
				CLANG_WARN_STRICT_PROTOTYPES = YES;
				CLANG_WARN_SUSPICIOUS_MOVE = YES;
				CLANG_WARN_UNGUARDED_AVAILABILITY = YES_AGGRESSIVE;
				CLANG_WARN_UNREACHABLE_CODE = YES;
				CLANG_WARN__DUPLICATE_METHOD_MATCH = YES;
				COPY_PHASE_STRIP = NO;
				DEBUG_INFORMATION_FORMAT = dwarf;
				ENABLE_STRICT_OBJC_MSGSEND = YES;
				ENABLE_TESTABILITY = YES;
				ENABLE_USER_SCRIPT_SANDBOXING = YES;
				GCC_C_LANGUAGE_STANDARD = gnu17;
				GCC_DYNAMIC_NO_PIC = NO;
				GCC_NO_COMMON_BLOCKS = YES;
				GCC_OPTIMIZATION_LEVEL = 0;
				GCC_PREPROCESSOR_DEFINITIONS = (
					"DEBUG=1",
					"$(inherited)",
				);
				GCC_WARN_64_TO_32_BIT_CONVERSION = YES;
				GCC_WARN_ABOUT_RETURN_TYPE = YES_ERROR;
				GCC_WARN_UNDECLARED_SELECTOR = YES;
				GCC_WARN_UNINITIALIZED_AUTOS = YES_AGGRESSIVE;
				GCC_WARN_UNUSED_FUNCTION = YES;
				GCC_WARN_UNUSED_VARIABLE = YES;
				IPHONEOS_DEPLOYMENT_TARGET = 18.2;
				LOCALIZATION_PREFERS_STRING_CATALOGS = YES;
				MTL_ENABLE_DEBUG_INFO = INCLUDE_SOURCE;
				MTL_FAST_MATH = YES;
				ONLY_ACTIVE_ARCH = YES;
				SDKROOT = iphoneos;
				SWIFT_ACTIVE_COMPILATION_CONDITIONS = "DEBUG $(inherited)";
				SWIFT_OPTIMIZATION_LEVEL = "-Onone";
			};
			name = Debug;
		};
		E1D5FE5A2D818D8D00F8FAB1 /* Release */ = {
			isa = XCBuildConfiguration;
			buildSettings = {
				ALWAYS_SEARCH_USER_PATHS = NO;
				ASSETCATALOG_COMPILER_GENERATE_SWIFT_ASSET_SYMBOL_EXTENSIONS = YES;
				CLANG_ANALYZER_NONNULL = YES;
				CLANG_ANALYZER_NUMBER_OBJECT_CONVERSION = YES_AGGRESSIVE;
				CLANG_CXX_LANGUAGE_STANDARD = "gnu++20";
				CLANG_ENABLE_MODULES = YES;
				CLANG_ENABLE_OBJC_ARC = YES;
				CLANG_ENABLE_OBJC_WEAK = YES;
				CLANG_WARN_BLOCK_CAPTURE_AUTORELEASING = YES;
				CLANG_WARN_BOOL_CONVERSION = YES;
				CLANG_WARN_COMMA = YES;
				CLANG_WARN_CONSTANT_CONVERSION = YES;
				CLANG_WARN_DEPRECATED_OBJC_IMPLEMENTATIONS = YES;
				CLANG_WARN_DIRECT_OBJC_ISA_USAGE = YES_ERROR;
				CLANG_WARN_DOCUMENTATION_COMMENTS = YES;
				CLANG_WARN_EMPTY_BODY = YES;
				CLANG_WARN_ENUM_CONVERSION = YES;
				CLANG_WARN_INFINITE_RECURSION = YES;
				CLANG_WARN_INT_CONVERSION = YES;
				CLANG_WARN_NON_LITERAL_NULL_CONVERSION = YES;
				CLANG_WARN_OBJC_IMPLICIT_RETAIN_SELF = YES;
				CLANG_WARN_OBJC_LITERAL_CONVERSION = YES;
				CLANG_WARN_OBJC_ROOT_CLASS = YES_ERROR;
				CLANG_WARN_QUOTED_INCLUDE_IN_FRAMEWORK_HEADER = YES;
				CLANG_WARN_RANGE_LOOP_ANALYSIS = YES;
				CLANG_WARN_STRICT_PROTOTYPES = YES;
				CLANG_WARN_SUSPICIOUS_MOVE = YES;
				CLANG_WARN_UNGUARDED_AVAILABILITY = YES_AGGRESSIVE;
				CLANG_WARN_UNREACHABLE_CODE = YES;
				CLANG_WARN__DUPLICATE_METHOD_MATCH = YES;
				COPY_PHASE_STRIP = NO;
				DEBUG_INFORMATION_FORMAT = "dwarf-with-dsym";
				ENABLE_NS_ASSERTIONS = NO;
				ENABLE_STRICT_OBJC_MSGSEND = YES;
				ENABLE_USER_SCRIPT_SANDBOXING = YES;
				GCC_C_LANGUAGE_STANDARD = gnu17;
				GCC_NO_COMMON_BLOCKS = YES;
				GCC_WARN_64_TO_32_BIT_CONVERSION = YES;
				GCC_WARN_ABOUT_RETURN_TYPE = YES_ERROR;
				GCC_WARN_UNDECLARED_SELECTOR = YES;
				GCC_WARN_UNINITIALIZED_AUTOS = YES_AGGRESSIVE;
				GCC_WARN_UNUSED_FUNCTION = YES;
				GCC_WARN_UNUSED_VARIABLE = YES;
				IPHONEOS_DEPLOYMENT_TARGET = 18.2;
				LOCALIZATION_PREFERS_STRING_CATALOGS = YES;
				MTL_ENABLE_DEBUG_INFO = NO;
				MTL_FAST_MATH = YES;
				SDKROOT = iphoneos;
				SWIFT_COMPILATION_MODE = wholemodule;
				VALIDATE_PRODUCT = YES;
			};
			name = Release;
		};
		E1D5FE5C2D818D8D00F8FAB1 /* Debug */ = {
			isa = XCBuildConfiguration;
			buildSettings = {
				ASSETCATALOG_COMPILER_APPICON_NAME = AppIcon;
				ASSETCATALOG_COMPILER_GLOBAL_ACCENT_COLOR_NAME = AccentColor;
				CODE_SIGN_STYLE = Automatic;
				CURRENT_PROJECT_VERSION = 1;
				DEVELOPMENT_ASSET_PATHS = "\"Aqualert/Preview Content\"";
				ENABLE_PREVIEWS = YES;
				GENERATE_INFOPLIST_FILE = YES;
				INFOPLIST_KEY_UIApplicationSceneManifest_Generation = YES;
				INFOPLIST_KEY_UIApplicationSupportsIndirectInputEvents = YES;
				INFOPLIST_KEY_UILaunchScreen_Generation = YES;
				INFOPLIST_KEY_UISupportedInterfaceOrientations_iPad = "UIInterfaceOrientationPortrait UIInterfaceOrientationPortraitUpsideDown UIInterfaceOrientationLandscapeLeft UIInterfaceOrientationLandscapeRight";
				INFOPLIST_KEY_UISupportedInterfaceOrientations_iPhone = "UIInterfaceOrientationPortrait UIInterfaceOrientationLandscapeLeft UIInterfaceOrientationLandscapeRight";
				LD_RUNPATH_SEARCH_PATHS = (
					"$(inherited)",
					"@executable_path/Frameworks",
				);
				MARKETING_VERSION = 1.0;
				PRODUCT_BUNDLE_IDENTIFIER = th.ac.ku.cpe.Aqualert;
				PRODUCT_NAME = "$(TARGET_NAME)";
				SUPPORTED_PLATFORMS = "iphoneos iphonesimulator";
				SUPPORTS_MACCATALYST = NO;
				SUPPORTS_MAC_DESIGNED_FOR_IPHONE_IPAD = NO;
				SUPPORTS_XR_DESIGNED_FOR_IPHONE_IPAD = NO;
				SWIFT_EMIT_LOC_STRINGS = YES;
				SWIFT_VERSION = 5.0;
				TARGETED_DEVICE_FAMILY = 1;
			};
			name = Debug;
		};
		E1D5FE5D2D818D8D00F8FAB1 /* Release */ = {
			isa = XCBuildConfiguration;
			buildSettings = {
				ASSETCATALOG_COMPILER_APPICON_NAME = AppIcon;
				ASSETCATALOG_COMPILER_GLOBAL_ACCENT_COLOR_NAME = AccentColor;
				CODE_SIGN_STYLE = Automatic;
				CURRENT_PROJECT_VERSION = 1;
				DEVELOPMENT_ASSET_PATHS = "\"Aqualert/Preview Content\"";
				ENABLE_PREVIEWS = YES;
				GENERATE_INFOPLIST_FILE = YES;
				INFOPLIST_KEY_UIApplicationSceneManifest_Generation = YES;
				INFOPLIST_KEY_UIApplicationSupportsIndirectInputEvents = YES;
				INFOPLIST_KEY_UILaunchScreen_Generation = YES;
				INFOPLIST_KEY_UISupportedInterfaceOrientations_iPad = "UIInterfaceOrientationPortrait UIInterfaceOrientationPortraitUpsideDown UIInterfaceOrientationLandscapeLeft UIInterfaceOrientationLandscapeRight";
				INFOPLIST_KEY_UISupportedInterfaceOrientations_iPhone = "UIInterfaceOrientationPortrait UIInterfaceOrientationLandscapeLeft UIInterfaceOrientationLandscapeRight";
				LD_RUNPATH_SEARCH_PATHS = (
					"$(inherited)",
					"@executable_path/Frameworks",
				);
				MARKETING_VERSION = 1.0;
				PRODUCT_BUNDLE_IDENTIFIER = th.ac.ku.cpe.Aqualert;
				PRODUCT_NAME = "$(TARGET_NAME)";
				SUPPORTED_PLATFORMS = "iphoneos iphonesimulator";
				SUPPORTS_MACCATALYST = NO;
				SUPPORTS_MAC_DESIGNED_FOR_IPHONE_IPAD = NO;
				SUPPORTS_XR_DESIGNED_FOR_IPHONE_IPAD = NO;
				SWIFT_EMIT_LOC_STRINGS = YES;
				SWIFT_VERSION = 5.0;
				TARGETED_DEVICE_FAMILY = 1;
			};
			name = Release;
		};
/* End XCBuildConfiguration section */

/* Begin XCConfigurationList section */
		E1A093272D85DC6C00D192BF /* Build configuration list for PBXNativeTarget "Components" */ = {
			isa = XCConfigurationList;
			buildConfigurations = (
				E1A093282D85DC6C00D192BF /* Debug */,
				E1A093292D85DC6C00D192BF /* Release */,
			);
			defaultConfigurationIsVisible = 0;
			defaultConfigurationName = Release;
		};
		E1D5FE482D818D8B00F8FAB1 /* Build configuration list for PBXProject "Aqualert" */ = {
			isa = XCConfigurationList;
			buildConfigurations = (
				E1D5FE592D818D8D00F8FAB1 /* Debug */,
				E1D5FE5A2D818D8D00F8FAB1 /* Release */,
			);
			defaultConfigurationIsVisible = 0;
			defaultConfigurationName = Release;
		};
		E1D5FE5B2D818D8D00F8FAB1 /* Build configuration list for PBXNativeTarget "Aqualert" */ = {
			isa = XCConfigurationList;
			buildConfigurations = (
				E1D5FE5C2D818D8D00F8FAB1 /* Debug */,
				E1D5FE5D2D818D8D00F8FAB1 /* Release */,
			);
			defaultConfigurationIsVisible = 0;
			defaultConfigurationName = Release;
		};
/* End XCConfigurationList section */

/* Begin XCRemoteSwiftPackageReference section */
		E1F00E9C2DA294C9002B6BD7 /* XCRemoteSwiftPackageReference "firebase-ios-sdk" */ = {
			isa = XCRemoteSwiftPackageReference;
			repositoryURL = "https://github.com/firebase/firebase-ios-sdk.git";
			requirement = {
				kind = upToNextMajorVersion;
				minimumVersion = 11.11.0;
			};
		};
/* End XCRemoteSwiftPackageReference section */

/* Begin XCSwiftPackageProductDependency section */
		E1F00E9E2DA2957E002B6BD7 /* FirebaseAnalytics */ = {
			isa = XCSwiftPackageProductDependency;
			package = E1F00E9C2DA294C9002B6BD7 /* XCRemoteSwiftPackageReference "firebase-ios-sdk" */;
			productName = FirebaseAnalytics;
		};
		E1F00EA02DA2957E002B6BD7 /* FirebaseAnalyticsOnDeviceConversion */ = {
			isa = XCSwiftPackageProductDependency;
			package = E1F00E9C2DA294C9002B6BD7 /* XCRemoteSwiftPackageReference "firebase-ios-sdk" */;
			productName = FirebaseAnalyticsOnDeviceConversion;
		};
		E1F00EA22DA2957E002B6BD7 /* FirebaseAnalyticsWithoutAdIdSupport */ = {
			isa = XCSwiftPackageProductDependency;
			package = E1F00E9C2DA294C9002B6BD7 /* XCRemoteSwiftPackageReference "firebase-ios-sdk" */;
			productName = FirebaseAnalyticsWithoutAdIdSupport;
		};
		E1F00EA42DA2957E002B6BD7 /* FirebaseAppCheck */ = {
			isa = XCSwiftPackageProductDependency;
			package = E1F00E9C2DA294C9002B6BD7 /* XCRemoteSwiftPackageReference "firebase-ios-sdk" */;
			productName = FirebaseAppCheck;
		};
		E1F00EA62DA2957E002B6BD7 /* FirebaseAppDistribution-Beta */ = {
			isa = XCSwiftPackageProductDependency;
			package = E1F00E9C2DA294C9002B6BD7 /* XCRemoteSwiftPackageReference "firebase-ios-sdk" */;
			productName = "FirebaseAppDistribution-Beta";
		};
		E1F00EA82DA2957E002B6BD7 /* FirebaseAuth */ = {
			isa = XCSwiftPackageProductDependency;
			package = E1F00E9C2DA294C9002B6BD7 /* XCRemoteSwiftPackageReference "firebase-ios-sdk" */;
			productName = FirebaseAuth;
		};
		E1F00EAA2DA2957E002B6BD7 /* FirebaseAuthCombine-Community */ = {
			isa = XCSwiftPackageProductDependency;
			package = E1F00E9C2DA294C9002B6BD7 /* XCRemoteSwiftPackageReference "firebase-ios-sdk" */;
			productName = "FirebaseAuthCombine-Community";
		};
		E1F00EAC2DA2957E002B6BD7 /* FirebaseCore */ = {
			isa = XCSwiftPackageProductDependency;
			package = E1F00E9C2DA294C9002B6BD7 /* XCRemoteSwiftPackageReference "firebase-ios-sdk" */;
			productName = FirebaseCore;
		};
		E1F00EAE2DA2957E002B6BD7 /* FirebaseCrashlytics */ = {
			isa = XCSwiftPackageProductDependency;
			package = E1F00E9C2DA294C9002B6BD7 /* XCRemoteSwiftPackageReference "firebase-ios-sdk" */;
			productName = FirebaseCrashlytics;
		};
		E1F00EB02DA2957E002B6BD7 /* FirebaseDatabase */ = {
			isa = XCSwiftPackageProductDependency;
			package = E1F00E9C2DA294C9002B6BD7 /* XCRemoteSwiftPackageReference "firebase-ios-sdk" */;
			productName = FirebaseDatabase;
		};
		E1F00EB22DA2957E002B6BD7 /* FirebaseDynamicLinks */ = {
			isa = XCSwiftPackageProductDependency;
			package = E1F00E9C2DA294C9002B6BD7 /* XCRemoteSwiftPackageReference "firebase-ios-sdk" */;
			productName = FirebaseDynamicLinks;
		};
		E1F00EB42DA2957E002B6BD7 /* FirebaseFirestore */ = {
			isa = XCSwiftPackageProductDependency;
			package = E1F00E9C2DA294C9002B6BD7 /* XCRemoteSwiftPackageReference "firebase-ios-sdk" */;
			productName = FirebaseFirestore;
		};
		E1F00EB62DA2957E002B6BD7 /* FirebaseFirestoreCombine-Community */ = {
			isa = XCSwiftPackageProductDependency;
			package = E1F00E9C2DA294C9002B6BD7 /* XCRemoteSwiftPackageReference "firebase-ios-sdk" */;
			productName = "FirebaseFirestoreCombine-Community";
		};
		E1F00EB82DA2957E002B6BD7 /* FirebaseFunctions */ = {
			isa = XCSwiftPackageProductDependency;
			package = E1F00E9C2DA294C9002B6BD7 /* XCRemoteSwiftPackageReference "firebase-ios-sdk" */;
			productName = FirebaseFunctions;
		};
		E1F00EBA2DA2957E002B6BD7 /* FirebaseFunctionsCombine-Community */ = {
			isa = XCSwiftPackageProductDependency;
			package = E1F00E9C2DA294C9002B6BD7 /* XCRemoteSwiftPackageReference "firebase-ios-sdk" */;
			productName = "FirebaseFunctionsCombine-Community";
		};
		E1F00EBC2DA2957E002B6BD7 /* FirebaseInAppMessaging-Beta */ = {
			isa = XCSwiftPackageProductDependency;
			package = E1F00E9C2DA294C9002B6BD7 /* XCRemoteSwiftPackageReference "firebase-ios-sdk" */;
			productName = "FirebaseInAppMessaging-Beta";
		};
		E1F00EBE2DA2957E002B6BD7 /* FirebaseInstallations */ = {
			isa = XCSwiftPackageProductDependency;
			package = E1F00E9C2DA294C9002B6BD7 /* XCRemoteSwiftPackageReference "firebase-ios-sdk" */;
			productName = FirebaseInstallations;
		};
		E1F00EC02DA2957E002B6BD7 /* FirebaseMessaging */ = {
			isa = XCSwiftPackageProductDependency;
			package = E1F00E9C2DA294C9002B6BD7 /* XCRemoteSwiftPackageReference "firebase-ios-sdk" */;
			productName = FirebaseMessaging;
		};
		E1F00EC22DA2957E002B6BD7 /* FirebaseMLModelDownloader */ = {
			isa = XCSwiftPackageProductDependency;
			package = E1F00E9C2DA294C9002B6BD7 /* XCRemoteSwiftPackageReference "firebase-ios-sdk" */;
			productName = FirebaseMLModelDownloader;
		};
		E1F00EC42DA2957E002B6BD7 /* FirebasePerformance */ = {
			isa = XCSwiftPackageProductDependency;
			package = E1F00E9C2DA294C9002B6BD7 /* XCRemoteSwiftPackageReference "firebase-ios-sdk" */;
			productName = FirebasePerformance;
		};
		E1F00EC62DA2957E002B6BD7 /* FirebaseRemoteConfig */ = {
			isa = XCSwiftPackageProductDependency;
			package = E1F00E9C2DA294C9002B6BD7 /* XCRemoteSwiftPackageReference "firebase-ios-sdk" */;
			productName = FirebaseRemoteConfig;
		};
		E1F00EC82DA2957E002B6BD7 /* FirebaseStorage */ = {
			isa = XCSwiftPackageProductDependency;
			package = E1F00E9C2DA294C9002B6BD7 /* XCRemoteSwiftPackageReference "firebase-ios-sdk" */;
			productName = FirebaseStorage;
		};
		E1F00ECA2DA2957E002B6BD7 /* FirebaseStorageCombine-Community */ = {
			isa = XCSwiftPackageProductDependency;
			package = E1F00E9C2DA294C9002B6BD7 /* XCRemoteSwiftPackageReference "firebase-ios-sdk" */;
			productName = "FirebaseStorageCombine-Community";
		};
		E1F00ECC2DA2957E002B6BD7 /* FirebaseVertexAI */ = {
			isa = XCSwiftPackageProductDependency;
			package = E1F00E9C2DA294C9002B6BD7 /* XCRemoteSwiftPackageReference "firebase-ios-sdk" */;
			productName = FirebaseVertexAI;
		};
/* End XCSwiftPackageProductDependency section */
	};
	rootObject = E1D5FE452D818D8B00F8FAB1 /* Project object */;
}
